
Microsoft Visual Studio Solution File, Format Version 12.00
# Visual Studio Version 16
VisualStudioVersion = 16.0.30204.135
MinimumVisualStudioVersion = 10.0.40219.1
Project("{FAE04EC0-301F-11D3-BF4B-00C04F79EFBC}") = "IMCTax", "IMCTax\IMCTax.csproj", "{1FB095BA-AE50-4C20-BBFF-42A00F698DF2}"
EndProject
Global
	GlobalSection(SolutionConfigurationPlatforms) = preSolution
		Debug|Any CPU = Debug|Any CPU
		Release|Any CPU = Release|Any CPU
	EndGlobalSection
	GlobalSection(ProjectConfigurationPlatforms) = postSolution
		{1FB095BA-AE50-4C20-BBFF-42A00F698DF2}.Debug|Any CPU.ActiveCfg = Debug|Any CPU
		{1FB095BA-AE50-4C20-BBFF-42A00F698DF2}.Debug|Any CPU.Build.0 = Debug|Any CPU
		{1FB095BA-AE50-4C20-BBFF-42A00F698DF2}.Release|Any CPU.ActiveCfg = Release|Any CPU
		{1FB095BA-AE50-4C20-BBFF-42A00F698DF2}.Release|Any CPU.Build.0 = Release|Any CPU
	EndGlobalSection
	GlobalSection(SolutionProperties) = preSolution
		HideSolutionNode = FALSE
	EndGlobalSection
	GlobalSection(ExtensibilityGlobals) = postSolution
		SolutionGuid = {5E3CCF86-B7CD-41BF-B255-55F31F172330}
	EndGlobalSection
EndGlobal
